
Microsoft Visual Studio Solution File, Format Version 12.00
# Visual Studio Version 16
VisualStudioVersion = 16.0.30011.22
MinimumVisualStudioVersion = 10.0.40219.1
Project("{FAE04EC0-301F-11D3-BF4B-00C04F79EFBC}") = "EmployeeCentre", "EmployeeCentre.csproj", "{DBF56DBC-E3D3-427E-8569-501B7A04A8A7}"
EndProject
Global
	GlobalSection(SolutionConfigurationPlatforms) = preSolution
		Debug|Any CPU = Debug|Any CPU
		Release|Any CPU = Release|Any CPU
	EndGlobalSection
	GlobalSection(ProjectConfigurationPlatforms) = postSolution
		{DBF56DBC-E3D3-427E-8569-501B7A04A8A7}.Debug|Any CPU.ActiveCfg = Debug|Any CPU
		{DBF56DBC-E3D3-427E-8569-501B7A04A8A7}.Debug|Any CPU.Build.0 = Debug|Any CPU
		{DBF56DBC-E3D3-427E-8569-501B7A04A8A7}.Release|Any CPU.ActiveCfg = Release|Any CPU
		{DBF56DBC-E3D3-427E-8569-501B7A04A8A7}.Release|Any CPU.Build.0 = Release|Any CPU
	EndGlobalSection
	GlobalSection(SolutionProperties) = preSolution
		HideSolutionNode = FALSE
	EndGlobalSection
	GlobalSection(ExtensibilityGlobals) = postSolution
		SolutionGuid = {55FED496-DE25-49A5-B4C1-CD51674D824A}
	EndGlobalSection
EndGlobal
